
Microsoft Visual Studio Solution File, Format Version 12.00
# Visual Studio Version 16
VisualStudioVersion = 16.0.31019.35
MinimumVisualStudioVersion = 10.0.40219.1
Project("{FAE04EC0-301F-11D3-BF4B-00C04F79EFBC}") = "NetCoreBasicSignalRChat", "NetCoreBasicSignalRChat\NetCoreBasicSignalRChat.csproj", "{4CE05ED2-063F-4119-A06F-1F47AF77A0EB}"
EndProject
Global
	GlobalSection(SolutionConfigurationPlatforms) = preSolution
		Debug|Any CPU = Debug|Any CPU
		Release|Any CPU = Release|Any CPU
	EndGlobalSection
	GlobalSection(ProjectConfigurationPlatforms) = postSolution
		{4CE05ED2-063F-4119-A06F-1F47AF77A0EB}.Debug|Any CPU.ActiveCfg = Debug|Any CPU
		{4CE05ED2-063F-4119-A06F-1F47AF77A0EB}.Debug|Any CPU.Build.0 = Debug|Any CPU
		{4CE05ED2-063F-4119-A06F-1F47AF77A0EB}.Release|Any CPU.ActiveCfg = Release|Any CPU
		{4CE05ED2-063F-4119-A06F-1F47AF77A0EB}.Release|Any CPU.Build.0 = Release|Any CPU
	EndGlobalSection
	GlobalSection(SolutionProperties) = preSolution
		HideSolutionNode = FALSE
	EndGlobalSection
	GlobalSection(ExtensibilityGlobals) = postSolution
		SolutionGuid = {E5E1FA61-1A51-44D9-AB01-078DB82E0719}
	EndGlobalSection
EndGlobal
